perl -i -pe 's/PROVISIONING_PROFILE_SPECIFIER\s*=\s*.*;/PROVISIONING_PROFILE_SPECIFIER = "Krittics App Store Profile";/g' ios/App/App.xcodeproj/project.pbxproj

perl -i -pe 's/ProvisioningStyle = Automatic;/ProvisioningStyle = Manual;/g' ios/App/App.xcodeproj/project.pbxproj

perl -i -pe 's/PRODUCT_BUNDLE_IDENTIFIER\s*=\s*[^;]*/PRODUCT_BUNDLE_IDENTIFIER = "com.blakely.krittics"/g' ios/App/App.xcodeproj/project.pbxproj

git add -f ios/App/App.xcodeproj/project.pbxproj
git commit -m "NUCLEAR FIX: force bundle ID + Manual signing + correct profile name"
git push --force-with-lease
